
Microsoft Visual Studio Solution File, Format Version 12.00
# Visual Studio 15
Project("{FAE04EC0-301F-11D3-BF4B-00C04F79EFBC}") = "Assembly-CSharp", "Assembly-CSharp.csproj", "{0197DCD2-2DA8-EAF9-EB24-79C0B1B90BCD}"
EndProject
Project("{FAE04EC0-301F-11D3-BF4B-00C04F79EFBC}") = "Assembly-CSharp-Editor", "Assembly-CSharp-Editor.csproj", "{2ECFBC30-9781-3246-EAF1-B1F585115BA3}"
EndProject
Global
	GlobalSection(SolutionConfigurationPlatforms) = preSolution
		Debug|Any CPU = Debug|Any CPU
		Release|Any CPU = Release|Any CPU
	EndGlobalSection
	GlobalSection(ProjectConfigurationPlatforms) = postSolution
		{0197DCD2-2DA8-EAF9-EB24-79C0B1B90BCD}.Debug|Any CPU.ActiveCfg = Debug|Any CPU
		{0197DCD2-2DA8-EAF9-EB24-79C0B1B90BCD}.Debug|Any CPU.Build.0 = Debug|Any CPU
		{0197DCD2-2DA8-EAF9-EB24-79C0B1B90BCD}.Release|Any CPU.ActiveCfg = Release|Any CPU
		{0197DCD2-2DA8-EAF9-EB24-79C0B1B90BCD}.Release|Any CPU.Build.0 = Release|Any CPU
		{2ECFBC30-9781-3246-EAF1-B1F585115BA3}.Debug|Any CPU.ActiveCfg = Debug|Any CPU
		{2ECFBC30-9781-3246-EAF1-B1F585115BA3}.Debug|Any CPU.Build.0 = Debug|Any CPU
		{2ECFBC30-9781-3246-EAF1-B1F585115BA3}.Release|Any CPU.ActiveCfg = Release|Any CPU
		{2ECFBC30-9781-3246-EAF1-B1F585115BA3}.Release|Any CPU.Build.0 = Release|Any CPU
	EndGlobalSection
	GlobalSection(SolutionProperties) = preSolution
		HideSolutionNode = FALSE
	EndGlobalSection
EndGlobal
